
Microsoft Visual Studio Solution File, Format Version 12.00
# Visual Studio 15
VisualStudioVersion = 15.0.28307.902
MinimumVisualStudioVersion = 10.0.40219.1
Project("{FAE04EC0-301F-11D3-BF4B-00C04F79EFBC}") = "DAL", "DAL\DAL.csproj", "{536135EC-B922-4C18-91CF-F54755A183B8}"
EndProject
Project("{FAE04EC0-301F-11D3-BF4B-00C04F79EFBC}") = "BLL", "BLL\BLL.csproj", "{3B743B11-6F5A-43D7-8B47-4FE22A3B4DC0}"
EndProject
Project("{2150E333-8FDC-42A3-9474-1A3956D46DE8}") = "BLL", "BLL", "{FD2F6607-5214-4C63-B9A3-143D3F97F097}"
EndProject
Project("{2150E333-8FDC-42A3-9474-1A3956D46DE8}") = "DAl", "DAl", "{78834F50-3419-4942-B865-DB3D65E722A0}"
EndProject
Project("{2150E333-8FDC-42A3-9474-1A3956D46DE8}") = "SVC", "SVC", "{BAF87C35-DF56-455A-9406-C2BAD51CC339}"
EndProject
Project("{2150E333-8FDC-42A3-9474-1A3956D46DE8}") = "SITE", "SITE", "{46D15E28-76EB-4B48-8118-C0133B1458F3}"
EndProject
Project("{FAE04EC0-301F-11D3-BF4B-00C04F79EFBC}") = "SVC", "SVC\SVC.csproj", "{13C55DD7-F074-4977-BDCA-E9083B25E92E}"
EndProject
Project("{FAE04EC0-301F-11D3-BF4B-00C04F79EFBC}") = "WCF_Site", "Site\WCF_Site.csproj", "{DDEB6C7E-5DBC-473F-8A95-A9E3B2B0DB09}"
	ProjectSection(ProjectDependencies) = postProject
		{5E6B2594-88D4-4450-9FBC-38B237FE81E8} = {5E6B2594-88D4-4450-9FBC-38B237FE81E8}
	EndProjectSection
EndProject
Project("{FAE04EC0-301F-11D3-BF4B-00C04F79EFBC}") = "WcfServiceLibrary1", "WcfServiceLibrary1\WcfServiceLibrary1.csproj", "{5E6B2594-88D4-4450-9FBC-38B237FE81E8}"
EndProject
Global
	GlobalSection(SolutionConfigurationPlatforms) = preSolution
		Debug|Any CPU = Debug|Any CPU
		Release|Any CPU = Release|Any CPU
	EndGlobalSection
	GlobalSection(ProjectConfigurationPlatforms) = postSolution
		{536135EC-B922-4C18-91CF-F54755A183B8}.Debug|Any CPU.ActiveCfg = Debug|Any CPU
		{536135EC-B922-4C18-91CF-F54755A183B8}.Debug|Any CPU.Build.0 = Debug|Any CPU
		{536135EC-B922-4C18-91CF-F54755A183B8}.Release|Any CPU.ActiveCfg = Release|Any CPU
		{536135EC-B922-4C18-91CF-F54755A183B8}.Release|Any CPU.Build.0 = Release|Any CPU
		{3B743B11-6F5A-43D7-8B47-4FE22A3B4DC0}.Debug|Any CPU.ActiveCfg = Debug|Any CPU
		{3B743B11-6F5A-43D7-8B47-4FE22A3B4DC0}.Debug|Any CPU.Build.0 = Debug|Any CPU
		{3B743B11-6F5A-43D7-8B47-4FE22A3B4DC0}.Release|Any CPU.ActiveCfg = Release|Any CPU
		{3B743B11-6F5A-43D7-8B47-4FE22A3B4DC0}.Release|Any CPU.Build.0 = Release|Any CPU
		{13C55DD7-F074-4977-BDCA-E9083B25E92E}.Debug|Any CPU.ActiveCfg = Debug|Any CPU
		{13C55DD7-F074-4977-BDCA-E9083B25E92E}.Debug|Any CPU.Build.0 = Debug|Any CPU
		{13C55DD7-F074-4977-BDCA-E9083B25E92E}.Release|Any CPU.ActiveCfg = Release|Any CPU
		{13C55DD7-F074-4977-BDCA-E9083B25E92E}.Release|Any CPU.Build.0 = Release|Any CPU
		{DDEB6C7E-5DBC-473F-8A95-A9E3B2B0DB09}.Debug|Any CPU.ActiveCfg = Debug|Any CPU
		{DDEB6C7E-5DBC-473F-8A95-A9E3B2B0DB09}.Debug|Any CPU.Build.0 = Debug|Any CPU
		{DDEB6C7E-5DBC-473F-8A95-A9E3B2B0DB09}.Release|Any CPU.ActiveCfg = Release|Any CPU
		{DDEB6C7E-5DBC-473F-8A95-A9E3B2B0DB09}.Release|Any CPU.Build.0 = Release|Any CPU
		{5E6B2594-88D4-4450-9FBC-38B237FE81E8}.Debug|Any CPU.ActiveCfg = Debug|Any CPU
		{5E6B2594-88D4-4450-9FBC-38B237FE81E8}.Debug|Any CPU.Build.0 = Debug|Any CPU
		{5E6B2594-88D4-4450-9FBC-38B237FE81E8}.Release|Any CPU.ActiveCfg = Release|Any CPU
		{5E6B2594-88D4-4450-9FBC-38B237FE81E8}.Release|Any CPU.Build.0 = Release|Any CPU
	EndGlobalSection
	GlobalSection(SolutionProperties) = preSolution
		HideSolutionNode = FALSE
	EndGlobalSection
	GlobalSection(NestedProjects) = preSolution
		{536135EC-B922-4C18-91CF-F54755A183B8} = {78834F50-3419-4942-B865-DB3D65E722A0}
		{3B743B11-6F5A-43D7-8B47-4FE22A3B4DC0} = {FD2F6607-5214-4C63-B9A3-143D3F97F097}
		{13C55DD7-F074-4977-BDCA-E9083B25E92E} = {BAF87C35-DF56-455A-9406-C2BAD51CC339}
		{DDEB6C7E-5DBC-473F-8A95-A9E3B2B0DB09} = {46D15E28-76EB-4B48-8118-C0133B1458F3}
		{5E6B2594-88D4-4450-9FBC-38B237FE81E8} = {BAF87C35-DF56-455A-9406-C2BAD51CC339}
	EndGlobalSection
	GlobalSection(ExtensibilityGlobals) = postSolution
		SolutionGuid = {0E3DCAB9-BC9E-401A-AA38-C4A5B7241A5C}
	EndGlobalSection
EndGlobal
